
Microsoft Visual Studio Solution File, Format Version 12.00
# Visual Studio 15
VisualStudioVersion = 15.0.27703.2035
MinimumVisualStudioVersion = 10.0.40219.1
Project("{2150E333-8FDC-42A3-9474-1A3956D46DE8}") = "examples", "examples", "{D80C2E2A-FE53-4369-B37A-D7DB8A0C707C}"
EndProject
Project("{2150E333-8FDC-42A3-9474-1A3956D46DE8}") = "driver", "driver", "{2DA8530E-7B62-4A27-A48B-B3323791404D}"
EndProject
Project("{2150E333-8FDC-42A3-9474-1A3956D46DE8}") = "tests", "tests", "{5F534A8D-38CD-4BFD-A423-43BE1A0566D1}"
EndProject
Project("{8BC9CEB8-8B4A-11D0-8D11-00A0C91BC942}") = "simple_dma", "exe\simple_dma\simple_dma.vcxproj", "{C05512D4-FC7C-4703-BCD4-DF0D997ACB77}"
EndProject
Project("{8BC9CEB8-8B4A-11D0-8D11-00A0C91BC942}") = "xdma_info", "exe\xdma_info\xdma_info.vcxproj", "{D0200093-AA29-4B6C-ADCB-AB496D174BCE}"
EndProject
Project("{2150E333-8FDC-42A3-9474-1A3956D46DE8}") = "docs", "docs", "{B641F39A-3E3B-4C11-B9AE-3A204262465C}"
	ProjectSection(SolutionItems) = preProject
		README.md = README.md
	EndProjectSection
EndProject
Project("{8BC9CEB8-8B4A-11D0-8D11-00A0C91BC942}") = "streaming_dma", "exe\streaming_dma\streaming_dma.vcxproj", "{796835A3-584C-4DF3-B727-16DB56C5A130}"
EndProject
Project("{2150E333-8FDC-42A3-9474-1A3956D46DE8}") = "utils", "utils", "{0F1FD98C-20DF-497F-B6DE-99DB6B85DC34}"
EndProject
Project("{8BC9CEB8-8B4A-11D0-8D11-00A0C91BC942}") = "xdma_test", "exe\xdma_test\xdma_test.vcxproj", "{2821E819-43EF-485E-9AFD-B2EC37B3558A}"
EndProject
Project("{8BC9CEB8-8B4A-11D0-8D11-00A0C91BC942}") = "xdma_rw", "exe\xdma_rw\xdma_rw.vcxproj", "{C1AE67FD-4568-476E-B327-E5E560AAE46E}"
EndProject
Project("{8BC9CEB8-8B4A-11D0-8D11-00A0C91BC942}") = "user_event", "exe\user_event\user_event.vcxproj", "{76309238-091F-4080-B1D3-5ECDA7635CE8}"
EndProject
Project("{8BC9CEB8-8B4A-11D0-8D11-00A0C91BC942}") = "XDMA_Driver", "sys\XDMA_Driver.vcxproj", "{C77CDE8B-790F-4413-A3FB-D413E7368FB5}"
EndProject
Project("{8BC9CEB8-8B4A-11D0-8D11-00A0C91BC942}") = "libxdma", "libxdma\libxdma.vcxproj", "{8A516BCB-685A-4A46-A298-A477F804273A}"
EndProject
Project("{8BC9CEB8-8B4A-11D0-8D11-00A0C91BC942}") = "libadma", "libadma\libadma.vcxproj", "{4EBAEEE4-8413-4366-920A-219E626CF9EB}"
EndProject
Project("{8BC9CEB8-8B4A-11D0-8D11-00A0C91BC942}") = "ADMA_Driver", "ADMA_Driver\ADMA_Driver.vcxproj", "{F56AC6A5-0A92-4C26-92F5-11441FE3F651}"
EndProject
Global
	GlobalSection(SolutionConfigurationPlatforms) = preSolution
		Debug|ARM = Debug|ARM
		Debug|ARM64 = Debug|ARM64
		Debug|x64 = Debug|x64
		Debug|x86 = Debug|x86
		Release|ARM = Release|ARM
		Release|ARM64 = Release|ARM64
		Release|x64 = Release|x64
		Release|x86 = Release|x86
		Win10_Debug|ARM = Win10_Debug|ARM
		Win10_Debug|ARM64 = Win10_Debug|ARM64
		Win10_Debug|x64 = Win10_Debug|x64
		Win10_Debug|x86 = Win10_Debug|x86
		Win10_Release|ARM = Win10_Release|ARM
		Win10_Release|ARM64 = Win10_Release|ARM64
		Win10_Release|x64 = Win10_Release|x64
		Win10_Release|x86 = Win10_Release|x86
		Win7_Debug|ARM = Win7_Debug|ARM
		Win7_Debug|ARM64 = Win7_Debug|ARM64
		Win7_Debug|x64 = Win7_Debug|x64
		Win7_Debug|x86 = Win7_Debug|x86
		Win7_Release|ARM = Win7_Release|ARM
		Win7_Release|ARM64 = Win7_Release|ARM64
		Win7_Release|x64 = Win7_Release|x64
		Win7_Release|x86 = Win7_Release|x86
	EndGlobalSection
	GlobalSection(ProjectConfigurationPlatforms) = postSolution
		{C05512D4-FC7C-4703-BCD4-DF0D997ACB77}.Debug|ARM.ActiveCfg = Debug|Win32
		{C05512D4-FC7C-4703-BCD4-DF0D997ACB77}.Debug|ARM64.ActiveCfg = Debug|Win32
		{C05512D4-FC7C-4703-BCD4-DF0D997ACB77}.Debug|x64.ActiveCfg = Debug|x64
		{C05512D4-FC7C-4703-BCD4-DF0D997ACB77}.Debug|x64.Build.0 = Debug|x64
		{C05512D4-FC7C-4703-BCD4-DF0D997ACB77}.Debug|x86.ActiveCfg = Debug|Win32
		{C05512D4-FC7C-4703-BCD4-DF0D997ACB77}.Debug|x86.Build.0 = Debug|Win32
		{C05512D4-FC7C-4703-BCD4-DF0D997ACB77}.Release|ARM.ActiveCfg = Debug|Win32
		{C05512D4-FC7C-4703-BCD4-DF0D997ACB77}.Release|ARM.Build.0 = Debug|Win32
		{C05512D4-FC7C-4703-BCD4-DF0D997ACB77}.Release|ARM64.ActiveCfg = Debug|Win32
		{C05512D4-FC7C-4703-BCD4-DF0D997ACB77}.Release|ARM64.Build.0 = Debug|Win32
		{C05512D4-FC7C-4703-BCD4-DF0D997ACB77}.Release|x64.ActiveCfg = Debug|x64
		{C05512D4-FC7C-4703-BCD4-DF0D997ACB77}.Release|x64.Build.0 = Debug|x64
		{C05512D4-FC7C-4703-BCD4-DF0D997ACB77}.Release|x86.ActiveCfg = Debug|Win32
		{C05512D4-FC7C-4703-BCD4-DF0D997ACB77}.Release|x86.Build.0 = Debug|Win32
		{C05512D4-FC7C-4703-BCD4-DF0D997ACB77}.Win10_Debug|ARM.ActiveCfg = Debug|Win32
		{C05512D4-FC7C-4703-BCD4-DF0D997ACB77}.Win10_Debug|ARM.Build.0 = Debug|Win32
		{C05512D4-FC7C-4703-BCD4-DF0D997ACB77}.Win10_Debug|ARM64.ActiveCfg = Debug|Win32
		{C05512D4-FC7C-4703-BCD4-DF0D997ACB77}.Win10_Debug|ARM64.Build.0 = Debug|Win32
		{C05512D4-FC7C-4703-BCD4-DF0D997ACB77}.Win10_Debug|x64.ActiveCfg = Debug|x64
		{C05512D4-FC7C-4703-BCD4-DF0D997ACB77}.Win10_Debug|x64.Build.0 = Debug|x64
		{C05512D4-FC7C-4703-BCD4-DF0D997ACB77}.Win10_Debug|x86.ActiveCfg = Debug|Win32
		{C05512D4-FC7C-4703-BCD4-DF0D997ACB77}.Win10_Debug|x86.Build.0 = Debug|Win32
		{C05512D4-FC7C-4703-BCD4-DF0D997ACB77}.Win10_Release|ARM.ActiveCfg = Debug|Win32
		{C05512D4-FC7C-4703-BCD4-DF0D997ACB77}.Win10_Release|ARM.Build.0 = Debug|Win32
		{C05512D4-FC7C-4703-BCD4-DF0D997ACB77}.Win10_Release|ARM64.ActiveCfg = Debug|Win32
		{C05512D4-FC7C-4703-BCD4-DF0D997ACB77}.Win10_Release|ARM64.Build.0 = Debug|Win32
		{C05512D4-FC7C-4703-BCD4-DF0D997ACB77}.Win10_Release|x64.ActiveCfg = Debug|x64
		{C05512D4-FC7C-4703-BCD4-DF0D997ACB77}.Win10_Release|x64.Build.0 = Debug|x64
		{C05512D4-FC7C-4703-BCD4-DF0D997ACB77}.Win10_Release|x86.ActiveCfg = Debug|Win32
		{C05512D4-FC7C-4703-BCD4-DF0D997ACB77}.Win10_Release|x86.Build.0 = Debug|Win32
		{C05512D4-FC7C-4703-BCD4-DF0D997ACB77}.Win7_Debug|ARM.ActiveCfg = Debug|Win32
		{C05512D4-FC7C-4703-BCD4-DF0D997ACB77}.Win7_Debug|ARM.Build.0 = Debug|Win32
		{C05512D4-FC7C-4703-BCD4-DF0D997ACB77}.Win7_Debug|ARM64.ActiveCfg = Debug|Win32
		{C05512D4-FC7C-4703-BCD4-DF0D997ACB77}.Win7_Debug|ARM64.Build.0 = Debug|Win32
		{C05512D4-FC7C-4703-BCD4-DF0D997ACB77}.Win7_Debug|x64.ActiveCfg = Debug|x64
		{C05512D4-FC7C-4703-BCD4-DF0D997ACB77}.Win7_Debug|x64.Build.0 = Debug|x64
		{C05512D4-FC7C-4703-BCD4-DF0D997ACB77}.Win7_Debug|x86.ActiveCfg = Debug|Win32
		{C05512D4-FC7C-4703-BCD4-DF0D997ACB77}.Win7_Debug|x86.Build.0 = Debug|Win32
		{C05512D4-FC7C-4703-BCD4-DF0D997ACB77}.Win7_Release|ARM.ActiveCfg = Debug|Win32
		{C05512D4-FC7C-4703-BCD4-DF0D997ACB77}.Win7_Release|ARM.Build.0 = Debug|Win32
		{C05512D4-FC7C-4703-BCD4-DF0D997ACB77}.Win7_Release|ARM64.ActiveCfg = Debug|Win32
		{C05512D4-FC7C-4703-BCD4-DF0D997ACB77}.Win7_Release|ARM64.Build.0 = Debug|Win32
		{C05512D4-FC7C-4703-BCD4-DF0D997ACB77}.Win7_Release|x64.ActiveCfg = Debug|x64
		{C05512D4-FC7C-4703-BCD4-DF0D997ACB77}.Win7_Release|x64.Build.0 = Debug|x64
		{C05512D4-FC7C-4703-BCD4-DF0D997ACB77}.Win7_Release|x86.ActiveCfg = Debug|Win32
		{C05512D4-FC7C-4703-BCD4-DF0D997ACB77}.Win7_Release|x86.Build.0 = Debug|Win32
		{D0200093-AA29-4B6C-ADCB-AB496D174BCE}.Debug|ARM.ActiveCfg = Debug|Win32
		{D0200093-AA29-4B6C-ADCB-AB496D174BCE}.Debug|ARM64.ActiveCfg = Debug|Win32
		{D0200093-AA29-4B6C-ADCB-AB496D174BCE}.Debug|x64.ActiveCfg = Debug|x64
		{D0200093-AA29-4B6C-ADCB-AB496D174BCE}.Debug|x64.Build.0 = Debug|x64
		{D0200093-AA29-4B6C-ADCB-AB496D174BCE}.Debug|x86.ActiveCfg = Debug|Win32
		{D0200093-AA29-4B6C-ADCB-AB496D174BCE}.Debug|x86.Build.0 = Debug|Win32
		{D0200093-AA29-4B6C-ADCB-AB496D174BCE}.Release|ARM.ActiveCfg = Debug|Win32
		{D0200093-AA29-4B6C-ADCB-AB496D174BCE}.Release|ARM.Build.0 = Debug|Win32
		{D0200093-AA29-4B6C-ADCB-AB496D174BCE}.Release|ARM64.ActiveCfg = Debug|Win32
		{D0200093-AA29-4B6C-ADCB-AB496D174BCE}.Release|ARM64.Build.0 = Debug|Win32
		{D0200093-AA29-4B6C-ADCB-AB496D174BCE}.Release|x64.ActiveCfg = Debug|x64
		{D0200093-AA29-4B6C-ADCB-AB496D174BCE}.Release|x64.Build.0 = Debug|x64
		{D0200093-AA29-4B6C-ADCB-AB496D174BCE}.Release|x86.ActiveCfg = Debug|Win32
		{D0200093-AA29-4B6C-ADCB-AB496D174BCE}.Release|x86.Build.0 = Debug|Win32
		{D0200093-AA29-4B6C-ADCB-AB496D174BCE}.Win10_Debug|ARM.ActiveCfg = Debug|Win32
		{D0200093-AA29-4B6C-ADCB-AB496D174BCE}.Win10_Debug|ARM.Build.0 = Debug|Win32
		{D0200093-AA29-4B6C-ADCB-AB496D174BCE}.Win10_Debug|ARM64.ActiveCfg = Debug|Win32
		{D0200093-AA29-4B6C-ADCB-AB496D174BCE}.Win10_Debug|ARM64.Build.0 = Debug|Win32
		{D0200093-AA29-4B6C-ADCB-AB496D174BCE}.Win10_Debug|x64.ActiveCfg = Debug|x64
		{D0200093-AA29-4B6C-ADCB-AB496D174BCE}.Win10_Debug|x64.Build.0 = Debug|x64
		{D0200093-AA29-4B6C-ADCB-AB496D174BCE}.Win10_Debug|x86.ActiveCfg = Debug|Win32
		{D0200093-AA29-4B6C-ADCB-AB496D174BCE}.Win10_Debug|x86.Build.0 = Debug|Win32
		{D0200093-AA29-4B6C-ADCB-AB496D174BCE}.Win10_Release|ARM.ActiveCfg = Debug|Win32
		{D0200093-AA29-4B6C-ADCB-AB496D174BCE}.Win10_Release|ARM.Build.0 = Debug|Win32
		{D0200093-AA29-4B6C-ADCB-AB496D174BCE}.Win10_Release|ARM64.ActiveCfg = Debug|Win32
		{D0200093-AA29-4B6C-ADCB-AB496D174BCE}.Win10_Release|ARM64.Build.0 = Debug|Win32
		{D0200093-AA29-4B6C-ADCB-AB496D174BCE}.Win10_Release|x64.ActiveCfg = Debug|x64
		{D0200093-AA29-4B6C-ADCB-AB496D174BCE}.Win10_Release|x64.Build.0 = Debug|x64
		{D0200093-AA29-4B6C-ADCB-AB496D174BCE}.Win10_Release|x86.ActiveCfg = Debug|Win32
		{D0200093-AA29-4B6C-ADCB-AB496D174BCE}.Win10_Release|x86.Build.0 = Debug|Win32
		{D0200093-AA29-4B6C-ADCB-AB496D174BCE}.Win7_Debug|ARM.ActiveCfg = Debug|Win32
		{D0200093-AA29-4B6C-ADCB-AB496D174BCE}.Win7_Debug|ARM.Build.0 = Debug|Win32
		{D0200093-AA29-4B6C-ADCB-AB496D174BCE}.Win7_Debug|ARM64.ActiveCfg = Debug|Win32
		{D0200093-AA29-4B6C-ADCB-AB496D174BCE}.Win7_Debug|ARM64.Build.0 = Debug|Win32
		{D0200093-AA29-4B6C-ADCB-AB496D174BCE}.Win7_Debug|x64.ActiveCfg = Debug|x64
		{D0200093-AA29-4B6C-ADCB-AB496D174BCE}.Win7_Debug|x64.Build.0 = Debug|x64
		{D0200093-AA29-4B6C-ADCB-AB496D174BCE}.Win7_Debug|x86.ActiveCfg = Debug|Win32
		{D0200093-AA29-4B6C-ADCB-AB496D174BCE}.Win7_Debug|x86.Build.0 = Debug|Win32
		{D0200093-AA29-4B6C-ADCB-AB496D174BCE}.Win7_Release|ARM.ActiveCfg = Debug|Win32
		{D0200093-AA29-4B6C-ADCB-AB496D174BCE}.Win7_Release|ARM.Build.0 = Debug|Win32
		{D0200093-AA29-4B6C-ADCB-AB496D174BCE}.Win7_Release|ARM64.ActiveCfg = Debug|Win32
		{D0200093-AA29-4B6C-ADCB-AB496D174BCE}.Win7_Release|ARM64.Build.0 = Debug|Win32
		{D0200093-AA29-4B6C-ADCB-AB496D174BCE}.Win7_Release|x64.ActiveCfg = Debug|x64
		{D0200093-AA29-4B6C-ADCB-AB496D174BCE}.Win7_Release|x64.Build.0 = Debug|x64
		{D0200093-AA29-4B6C-ADCB-AB496D174BCE}.Win7_Release|x86.ActiveCfg = Debug|Win32
		{D0200093-AA29-4B6C-ADCB-AB496D174BCE}.Win7_Release|x86.Build.0 = Debug|Win32
		{796835A3-584C-4DF3-B727-16DB56C5A130}.Debug|ARM.ActiveCfg = Debug|Win32
		{796835A3-584C-4DF3-B727-16DB56C5A130}.Debug|ARM64.ActiveCfg = Debug|Win32
		{796835A3-584C-4DF3-B727-16DB56C5A130}.Debug|x64.ActiveCfg = Debug|x64
		{796835A3-584C-4DF3-B727-16DB56C5A130}.Debug|x64.Build.0 = Debug|x64
		{796835A3-584C-4DF3-B727-16DB56C5A130}.Debug|x86.ActiveCfg = Debug|Win32
		{796835A3-584C-4DF3-B727-16DB56C5A130}.Debug|x86.Build.0 = Debug|Win32
		{796835A3-584C-4DF3-B727-16DB56C5A130}.Release|ARM.ActiveCfg = Debug|Win32
		{796835A3-584C-4DF3-B727-16DB56C5A130}.Release|ARM.Build.0 = Debug|Win32
		{796835A3-584C-4DF3-B727-16DB56C5A130}.Release|ARM64.ActiveCfg = Debug|Win32
		{796835A3-584C-4DF3-B727-16DB56C5A130}.Release|ARM64.Build.0 = Debug|Win32
		{796835A3-584C-4DF3-B727-16DB56C5A130}.Release|x64.ActiveCfg = Debug|x64
		{796835A3-584C-4DF3-B727-16DB56C5A130}.Release|x64.Build.0 = Debug|x64
		{796835A3-584C-4DF3-B727-16DB56C5A130}.Release|x86.ActiveCfg = Debug|Win32
		{796835A3-584C-4DF3-B727-16DB56C5A130}.Release|x86.Build.0 = Debug|Win32
		{796835A3-584C-4DF3-B727-16DB56C5A130}.Win10_Debug|ARM.ActiveCfg = Debug|Win32
		{796835A3-584C-4DF3-B727-16DB56C5A130}.Win10_Debug|ARM.Build.0 = Debug|Win32
		{796835A3-584C-4DF3-B727-16DB56C5A130}.Win10_Debug|ARM64.ActiveCfg = Debug|Win32
		{796835A3-584C-4DF3-B727-16DB56C5A130}.Win10_Debug|ARM64.Build.0 = Debug|Win32
		{796835A3-584C-4DF3-B727-16DB56C5A130}.Win10_Debug|x64.ActiveCfg = Debug|x64
		{796835A3-584C-4DF3-B727-16DB56C5A130}.Win10_Debug|x64.Build.0 = Debug|x64
		{796835A3-584C-4DF3-B727-16DB56C5A130}.Win10_Debug|x86.ActiveCfg = Debug|Win32
		{796835A3-584C-4DF3-B727-16DB56C5A130}.Win10_Debug|x86.Build.0 = Debug|Win32
		{796835A3-584C-4DF3-B727-16DB56C5A130}.Win10_Release|ARM.ActiveCfg = Debug|Win32
		{796835A3-584C-4DF3-B727-16DB56C5A130}.Win10_Release|ARM.Build.0 = Debug|Win32
		{796835A3-584C-4DF3-B727-16DB56C5A130}.Win10_Release|ARM64.ActiveCfg = Debug|Win32
		{796835A3-584C-4DF3-B727-16DB56C5A130}.Win10_Release|ARM64.Build.0 = Debug|Win32
		{796835A3-584C-4DF3-B727-16DB56C5A130}.Win10_Release|x64.ActiveCfg = Debug|x64
		{796835A3-584C-4DF3-B727-16DB56C5A130}.Win10_Release|x64.Build.0 = Debug|x64
		{796835A3-584C-4DF3-B727-16DB56C5A130}.Win10_Release|x86.ActiveCfg = Debug|Win32
		{796835A3-584C-4DF3-B727-16DB56C5A130}.Win10_Release|x86.Build.0 = Debug|Win32
		{796835A3-584C-4DF3-B727-16DB56C5A130}.Win7_Debug|ARM.ActiveCfg = Debug|Win32
		{796835A3-584C-4DF3-B727-16DB56C5A130}.Win7_Debug|ARM.Build.0 = Debug|Win32
		{796835A3-584C-4DF3-B727-16DB56C5A130}.Win7_Debug|ARM64.ActiveCfg = Debug|Win32
		{796835A3-584C-4DF3-B727-16DB56C5A130}.Win7_Debug|ARM64.Build.0 = Debug|Win32
		{796835A3-584C-4DF3-B727-16DB56C5A130}.Win7_Debug|x64.ActiveCfg = Debug|x64
		{796835A3-584C-4DF3-B727-16DB56C5A130}.Win7_Debug|x64.Build.0 = Debug|x64
		{796835A3-584C-4DF3-B727-16DB56C5A130}.Win7_Debug|x86.ActiveCfg = Debug|Win32
		{796835A3-584C-4DF3-B727-16DB56C5A130}.Win7_Debug|x86.Build.0 = Debug|Win32
		{796835A3-584C-4DF3-B727-16DB56C5A130}.Win7_Release|ARM.ActiveCfg = Debug|Win32
		{796835A3-584C-4DF3-B727-16DB56C5A130}.Win7_Release|ARM.Build.0 = Debug|Win32
		{796835A3-584C-4DF3-B727-16DB56C5A130}.Win7_Release|ARM64.ActiveCfg = Debug|Win32
		{796835A3-584C-4DF3-B727-16DB56C5A130}.Win7_Release|ARM64.Build.0 = Debug|Win32
		{796835A3-584C-4DF3-B727-16DB56C5A130}.Win7_Release|x64.ActiveCfg = Debug|x64
		{796835A3-584C-4DF3-B727-16DB56C5A130}.Win7_Release|x64.Build.0 = Debug|x64
		{796835A3-584C-4DF3-B727-16DB56C5A130}.Win7_Release|x86.ActiveCfg = Debug|Win32
		{796835A3-584C-4DF3-B727-16DB56C5A130}.Win7_Release|x86.Build.0 = Debug|Win32
		{2821E819-43EF-485E-9AFD-B2EC37B3558A}.Debug|ARM.ActiveCfg = Debug|Win32
		{2821E819-43EF-485E-9AFD-B2EC37B3558A}.Debug|ARM64.ActiveCfg = Debug|Win32
		{2821E819-43EF-485E-9AFD-B2EC37B3558A}.Debug|x64.ActiveCfg = Debug|x64
		{2821E819-43EF-485E-9AFD-B2EC37B3558A}.Debug|x64.Build.0 = Debug|x64
		{2821E819-43EF-485E-9AFD-B2EC37B3558A}.Debug|x86.ActiveCfg = Debug|Win32
		{2821E819-43EF-485E-9AFD-B2EC37B3558A}.Debug|x86.Build.0 = Debug|Win32
		{2821E819-43EF-485E-9AFD-B2EC37B3558A}.Release|ARM.ActiveCfg = Debug|Win32
		{2821E819-43EF-485E-9AFD-B2EC37B3558A}.Release|ARM.Build.0 = Debug|Win32
		{2821E819-43EF-485E-9AFD-B2EC37B3558A}.Release|ARM64.ActiveCfg = Debug|Win32
		{2821E819-43EF-485E-9AFD-B2EC37B3558A}.Release|ARM64.Build.0 = Debug|Win32
		{2821E819-43EF-485E-9AFD-B2EC37B3558A}.Release|x64.ActiveCfg = Debug|x64
		{2821E819-43EF-485E-9AFD-B2EC37B3558A}.Release|x64.Build.0 = Debug|x64
		{2821E819-43EF-485E-9AFD-B2EC37B3558A}.Release|x86.ActiveCfg = Debug|Win32
		{2821E819-43EF-485E-9AFD-B2EC37B3558A}.Release|x86.Build.0 = Debug|Win32
		{2821E819-43EF-485E-9AFD-B2EC37B3558A}.Win10_Debug|ARM.ActiveCfg = Debug|Win32
		{2821E819-43EF-485E-9AFD-B2EC37B3558A}.Win10_Debug|ARM.Build.0 = Debug|Win32
		{2821E819-43EF-485E-9AFD-B2EC37B3558A}.Win10_Debug|ARM64.ActiveCfg = Debug|Win32
		{2821E819-43EF-485E-9AFD-B2EC37B3558A}.Win10_Debug|ARM64.Build.0 = Debug|Win32
		{2821E819-43EF-485E-9AFD-B2EC37B3558A}.Win10_Debug|x64.ActiveCfg = Debug|x64
		{2821E819-43EF-485E-9AFD-B2EC37B3558A}.Win10_Debug|x64.Build.0 = Debug|x64
		{2821E819-43EF-485E-9AFD-B2EC37B3558A}.Win10_Debug|x86.ActiveCfg = Debug|Win32
		{2821E819-43EF-485E-9AFD-B2EC37B3558A}.Win10_Debug|x86.Build.0 = Debug|Win32
		{2821E819-43EF-485E-9AFD-B2EC37B3558A}.Win10_Release|ARM.ActiveCfg = Debug|Win32
		{2821E819-43EF-485E-9AFD-B2EC37B3558A}.Win10_Release|ARM.Build.0 = Debug|Win32
		{2821E819-43EF-485E-9AFD-B2EC37B3558A}.Win10_Release|ARM64.ActiveCfg = Debug|Win32
		{2821E819-43EF-485E-9AFD-B2EC37B3558A}.Win10_Release|ARM64.Build.0 = Debug|Win32
		{2821E819-43EF-485E-9AFD-B2EC37B3558A}.Win10_Release|x64.ActiveCfg = Debug|x64
		{2821E819-43EF-485E-9AFD-B2EC37B3558A}.Win10_Release|x64.Build.0 = Debug|x64
		{2821E819-43EF-485E-9AFD-B2EC37B3558A}.Win10_Release|x86.ActiveCfg = Debug|Win32
		{2821E819-43EF-485E-9AFD-B2EC37B3558A}.Win10_Release|x86.Build.0 = Debug|Win32
		{2821E819-43EF-485E-9AFD-B2EC37B3558A}.Win7_Debug|ARM.ActiveCfg = Debug|Win32
		{2821E819-43EF-485E-9AFD-B2EC37B3558A}.Win7_Debug|ARM.Build.0 = Debug|Win32
		{2821E819-43EF-485E-9AFD-B2EC37B3558A}.Win7_Debug|ARM64.ActiveCfg = Debug|Win32
		{2821E819-43EF-485E-9AFD-B2EC37B3558A}.Win7_Debug|ARM64.Build.0 = Debug|Win32
		{2821E819-43EF-485E-9AFD-B2EC37B3558A}.Win7_Debug|x64.ActiveCfg = Debug|x64
		{2821E819-43EF-485E-9AFD-B2EC37B3558A}.Win7_Debug|x64.Build.0 = Debug|x64
		{2821E819-43EF-485E-9AFD-B2EC37B3558A}.Win7_Debug|x86.ActiveCfg = Debug|Win32
		{2821E819-43EF-485E-9AFD-B2EC37B3558A}.Win7_Debug|x86.Build.0 = Debug|Win32
		{2821E819-43EF-485E-9AFD-B2EC37B3558A}.Win7_Release|ARM.ActiveCfg = Debug|Win32
		{2821E819-43EF-485E-9AFD-B2EC37B3558A}.Win7_Release|ARM.Build.0 = Debug|Win32
		{2821E819-43EF-485E-9AFD-B2EC37B3558A}.Win7_Release|ARM64.ActiveCfg = Debug|Win32
		{2821E819-43EF-485E-9AFD-B2EC37B3558A}.Win7_Release|ARM64.Build.0 = Debug|Win32
		{2821E819-43EF-485E-9AFD-B2EC37B3558A}.Win7_Release|x64.ActiveCfg = Debug|x64
		{2821E819-43EF-485E-9AFD-B2EC37B3558A}.Win7_Release|x64.Build.0 = Debug|x64
		{2821E819-43EF-485E-9AFD-B2EC37B3558A}.Win7_Release|x86.ActiveCfg = Debug|Win32
		{2821E819-43EF-485E-9AFD-B2EC37B3558A}.Win7_Release|x86.Build.0 = Debug|Win32
		{C1AE67FD-4568-476E-B327-E5E560AAE46E}.Debug|ARM.ActiveCfg = Debug|Win32
		{C1AE67FD-4568-476E-B327-E5E560AAE46E}.Debug|ARM64.ActiveCfg = Debug|Win32
		{C1AE67FD-4568-476E-B327-E5E560AAE46E}.Debug|x64.ActiveCfg = Debug|x64
		{C1AE67FD-4568-476E-B327-E5E560AAE46E}.Debug|x64.Build.0 = Debug|x64
		{C1AE67FD-4568-476E-B327-E5E560AAE46E}.Debug|x86.ActiveCfg = Debug|Win32
		{C1AE67FD-4568-476E-B327-E5E560AAE46E}.Debug|x86.Build.0 = Debug|Win32
		{C1AE67FD-4568-476E-B327-E5E560AAE46E}.Release|ARM.ActiveCfg = Debug|Win32
		{C1AE67FD-4568-476E-B327-E5E560AAE46E}.Release|ARM.Build.0 = Debug|Win32
		{C1AE67FD-4568-476E-B327-E5E560AAE46E}.Release|ARM64.ActiveCfg = Debug|Win32
		{C1AE67FD-4568-476E-B327-E5E560AAE46E}.Release|ARM64.Build.0 = Debug|Win32
		{C1AE67FD-4568-476E-B327-E5E560AAE46E}.Release|x64.ActiveCfg = Debug|x64
		{C1AE67FD-4568-476E-B327-E5E560AAE46E}.Release|x64.Build.0 = Debug|x64
		{C1AE67FD-4568-476E-B327-E5E560AAE46E}.Release|x86.ActiveCfg = Debug|Win32
		{C1AE67FD-4568-476E-B327-E5E560AAE46E}.Release|x86.Build.0 = Debug|Win32
		{C1AE67FD-4568-476E-B327-E5E560AAE46E}.Win10_Debug|ARM.ActiveCfg = Debug|Win32
		{C1AE67FD-4568-476E-B327-E5E560AAE46E}.Win10_Debug|ARM.Build.0 = Debug|Win32
		{C1AE67FD-4568-476E-B327-E5E560AAE46E}.Win10_Debug|ARM64.ActiveCfg = Debug|Win32
		{C1AE67FD-4568-476E-B327-E5E560AAE46E}.Win10_Debug|ARM64.Build.0 = Debug|Win32
		{C1AE67FD-4568-476E-B327-E5E560AAE46E}.Win10_Debug|x64.ActiveCfg = Debug|x64
		{C1AE67FD-4568-476E-B327-E5E560AAE46E}.Win10_Debug|x64.Build.0 = Debug|x64
		{C1AE67FD-4568-476E-B327-E5E560AAE46E}.Win10_Debug|x86.ActiveCfg = Debug|Win32
		{C1AE67FD-4568-476E-B327-E5E560AAE46E}.Win10_Debug|x86.Build.0 = Debug|Win32
		{C1AE67FD-4568-476E-B327-E5E560AAE46E}.Win10_Release|ARM.ActiveCfg = Debug|Win32
		{C1AE67FD-4568-476E-B327-E5E560AAE46E}.Win10_Release|ARM.Build.0 = Debug|Win32
		{C1AE67FD-4568-476E-B327-E5E560AAE46E}.Win10_Release|ARM64.ActiveCfg = Debug|Win32
		{C1AE67FD-4568-476E-B327-E5E560AAE46E}.Win10_Release|ARM64.Build.0 = Debug|Win32
		{C1AE67FD-4568-476E-B327-E5E560AAE46E}.Win10_Release|x64.ActiveCfg = Debug|x64
		{C1AE67FD-4568-476E-B327-E5E560AAE46E}.Win10_Release|x64.Build.0 = Debug|x64
		{C1AE67FD-4568-476E-B327-E5E560AAE46E}.Win10_Release|x86.ActiveCfg = Debug|Win32
		{C1AE67FD-4568-476E-B327-E5E560AAE46E}.Win10_Release|x86.Build.0 = Debug|Win32
		{C1AE67FD-4568-476E-B327-E5E560AAE46E}.Win7_Debug|ARM.ActiveCfg = Debug|Win32
		{C1AE67FD-4568-476E-B327-E5E560AAE46E}.Win7_Debug|ARM.Build.0 = Debug|Win32
		{C1AE67FD-4568-476E-B327-E5E560AAE46E}.Win7_Debug|ARM64.ActiveCfg = Debug|Win32
		{C1AE67FD-4568-476E-B327-E5E560AAE46E}.Win7_Debug|ARM64.Build.0 = Debug|Win32
		{C1AE67FD-4568-476E-B327-E5E560AAE46E}.Win7_Debug|x64.ActiveCfg = Debug|x64
		{C1AE67FD-4568-476E-B327-E5E560AAE46E}.Win7_Debug|x64.Build.0 = Debug|x64
		{C1AE67FD-4568-476E-B327-E5E560AAE46E}.Win7_Debug|x86.ActiveCfg = Debug|Win32
		{C1AE67FD-4568-476E-B327-E5E560AAE46E}.Win7_Debug|x86.Build.0 = Debug|Win32
		{C1AE67FD-4568-476E-B327-E5E560AAE46E}.Win7_Release|ARM.ActiveCfg = Debug|Win32
		{C1AE67FD-4568-476E-B327-E5E560AAE46E}.Win7_Release|ARM.Build.0 = Debug|Win32
		{C1AE67FD-4568-476E-B327-E5E560AAE46E}.Win7_Release|ARM64.ActiveCfg = Debug|Win32
		{C1AE67FD-4568-476E-B327-E5E560AAE46E}.Win7_Release|ARM64.Build.0 = Debug|Win32
		{C1AE67FD-4568-476E-B327-E5E560AAE46E}.Win7_Release|x64.ActiveCfg = Debug|x64
		{C1AE67FD-4568-476E-B327-E5E560AAE46E}.Win7_Release|x64.Build.0 = Debug|x64
		{C1AE67FD-4568-476E-B327-E5E560AAE46E}.Win7_Release|x86.ActiveCfg = Debug|Win32
		{C1AE67FD-4568-476E-B327-E5E560AAE46E}.Win7_Release|x86.Build.0 = Debug|Win32
		{76309238-091F-4080-B1D3-5ECDA7635CE8}.Debug|ARM.ActiveCfg = Debug|Win32
		{76309238-091F-4080-B1D3-5ECDA7635CE8}.Debug|ARM64.ActiveCfg = Debug|Win32
		{76309238-091F-4080-B1D3-5ECDA7635CE8}.Debug|x64.ActiveCfg = Debug|x64
		{76309238-091F-4080-B1D3-5ECDA7635CE8}.Debug|x64.Build.0 = Debug|x64
		{76309238-091F-4080-B1D3-5ECDA7635CE8}.Debug|x86.ActiveCfg = Debug|Win32
		{76309238-091F-4080-B1D3-5ECDA7635CE8}.Debug|x86.Build.0 = Debug|Win32
		{76309238-091F-4080-B1D3-5ECDA7635CE8}.Release|ARM.ActiveCfg = Debug|Win32
		{76309238-091F-4080-B1D3-5ECDA7635CE8}.Release|ARM.Build.0 = Debug|Win32
		{76309238-091F-4080-B1D3-5ECDA7635CE8}.Release|ARM64.ActiveCfg = Debug|Win32
		{76309238-091F-4080-B1D3-5ECDA7635CE8}.Release|ARM64.Build.0 = Debug|Win32
		{76309238-091F-4080-B1D3-5ECDA7635CE8}.Release|x64.ActiveCfg = Debug|x64
		{76309238-091F-4080-B1D3-5ECDA7635CE8}.Release|x64.Build.0 = Debug|x64
		{76309238-091F-4080-B1D3-5ECDA7635CE8}.Release|x86.ActiveCfg = Debug|Win32
		{76309238-091F-4080-B1D3-5ECDA7635CE8}.Release|x86.Build.0 = Debug|Win32
		{76309238-091F-4080-B1D3-5ECDA7635CE8}.Win10_Debug|ARM.ActiveCfg = Debug|Win32
		{76309238-091F-4080-B1D3-5ECDA7635CE8}.Win10_Debug|ARM.Build.0 = Debug|Win32
		{76309238-091F-4080-B1D3-5ECDA7635CE8}.Win10_Debug|ARM64.ActiveCfg = Debug|Win32
		{76309238-091F-4080-B1D3-5ECDA7635CE8}.Win10_Debug|ARM64.Build.0 = Debug|Win32
		{76309238-091F-4080-B1D3-5ECDA7635CE8}.Win10_Debug|x64.ActiveCfg = Debug|x64
		{76309238-091F-4080-B1D3-5ECDA7635CE8}.Win10_Debug|x64.Build.0 = Debug|x64
		{76309238-091F-4080-B1D3-5ECDA7635CE8}.Win10_Debug|x86.ActiveCfg = Debug|Win32
		{76309238-091F-4080-B1D3-5ECDA7635CE8}.Win10_Debug|x86.Build.0 = Debug|Win32
		{76309238-091F-4080-B1D3-5ECDA7635CE8}.Win10_Release|ARM.ActiveCfg = Debug|Win32
		{76309238-091F-4080-B1D3-5ECDA7635CE8}.Win10_Release|ARM.Build.0 = Debug|Win32
		{76309238-091F-4080-B1D3-5ECDA7635CE8}.Win10_Release|ARM64.ActiveCfg = Debug|Win32
		{76309238-091F-4080-B1D3-5ECDA7635CE8}.Win10_Release|ARM64.Build.0 = Debug|Win32
		{76309238-091F-4080-B1D3-5ECDA7635CE8}.Win10_Release|x64.ActiveCfg = Debug|x64
		{76309238-091F-4080-B1D3-5ECDA7635CE8}.Win10_Release|x64.Build.0 = Debug|x64
		{76309238-091F-4080-B1D3-5ECDA7635CE8}.Win10_Release|x86.ActiveCfg = Debug|Win32
		{76309238-091F-4080-B1D3-5ECDA7635CE8}.Win10_Release|x86.Build.0 = Debug|Win32
		{76309238-091F-4080-B1D3-5ECDA7635CE8}.Win7_Debug|ARM.ActiveCfg = Debug|Win32
		{76309238-091F-4080-B1D3-5ECDA7635CE8}.Win7_Debug|ARM.Build.0 = Debug|Win32
		{76309238-091F-4080-B1D3-5ECDA7635CE8}.Win7_Debug|ARM64.ActiveCfg = Debug|Win32
		{76309238-091F-4080-B1D3-5ECDA7635CE8}.Win7_Debug|ARM64.Build.0 = Debug|Win32
		{76309238-091F-4080-B1D3-5ECDA7635CE8}.Win7_Debug|x64.ActiveCfg = Debug|x64
		{76309238-091F-4080-B1D3-5ECDA7635CE8}.Win7_Debug|x64.Build.0 = Debug|x64
		{76309238-091F-4080-B1D3-5ECDA7635CE8}.Win7_Debug|x86.ActiveCfg = Debug|Win32
		{76309238-091F-4080-B1D3-5ECDA7635CE8}.Win7_Debug|x86.Build.0 = Debug|Win32
		{76309238-091F-4080-B1D3-5ECDA7635CE8}.Win7_Release|ARM.ActiveCfg = Debug|Win32
		{76309238-091F-4080-B1D3-5ECDA7635CE8}.Win7_Release|ARM.Build.0 = Debug|Win32
		{76309238-091F-4080-B1D3-5ECDA7635CE8}.Win7_Release|ARM64.ActiveCfg = Debug|Win32
		{76309238-091F-4080-B1D3-5ECDA7635CE8}.Win7_Release|ARM64.Build.0 = Debug|Win32
		{76309238-091F-4080-B1D3-5ECDA7635CE8}.Win7_Release|x64.ActiveCfg = Debug|x64
		{76309238-091F-4080-B1D3-5ECDA7635CE8}.Win7_Release|x64.Build.0 = Debug|x64
		{76309238-091F-4080-B1D3-5ECDA7635CE8}.Win7_Release|x86.ActiveCfg = Debug|Win32
		{76309238-091F-4080-B1D3-5ECDA7635CE8}.Win7_Release|x86.Build.0 = Debug|Win32
		{C77CDE8B-790F-4413-A3FB-D413E7368FB5}.Debug|ARM.ActiveCfg = Win7_Release|Win32
		{C77CDE8B-790F-4413-A3FB-D413E7368FB5}.Debug|ARM.Build.0 = Win7_Release|Win32
		{C77CDE8B-790F-4413-A3FB-D413E7368FB5}.Debug|ARM.Deploy.0 = Win7_Release|Win32
		{C77CDE8B-790F-4413-A3FB-D413E7368FB5}.Debug|ARM64.ActiveCfg = Win7_Release|Win32
		{C77CDE8B-790F-4413-A3FB-D413E7368FB5}.Debug|ARM64.Build.0 = Win7_Release|Win32
		{C77CDE8B-790F-4413-A3FB-D413E7368FB5}.Debug|ARM64.Deploy.0 = Win7_Release|Win32
		{C77CDE8B-790F-4413-A3FB-D413E7368FB5}.Debug|x64.ActiveCfg = Win7_Debug|x64
		{C77CDE8B-790F-4413-A3FB-D413E7368FB5}.Debug|x64.Build.0 = Win7_Debug|x64
		{C77CDE8B-790F-4413-A3FB-D413E7368FB5}.Debug|x64.Deploy.0 = Win7_Debug|x64
		{C77CDE8B-790F-4413-A3FB-D413E7368FB5}.Debug|x86.ActiveCfg = Win7_Debug|Win32
		{C77CDE8B-790F-4413-A3FB-D413E7368FB5}.Debug|x86.Build.0 = Win7_Debug|Win32
		{C77CDE8B-790F-4413-A3FB-D413E7368FB5}.Debug|x86.Deploy.0 = Win7_Debug|Win32
		{C77CDE8B-790F-4413-A3FB-D413E7368FB5}.Release|ARM.ActiveCfg = Win7_Release|Win32
		{C77CDE8B-790F-4413-A3FB-D413E7368FB5}.Release|ARM.Build.0 = Win7_Release|Win32
		{C77CDE8B-790F-4413-A3FB-D413E7368FB5}.Release|ARM.Deploy.0 = Win7_Release|Win32
		{C77CDE8B-790F-4413-A3FB-D413E7368FB5}.Release|ARM64.ActiveCfg = Win7_Release|Win32
		{C77CDE8B-790F-4413-A3FB-D413E7368FB5}.Release|ARM64.Build.0 = Win7_Release|Win32
		{C77CDE8B-790F-4413-A3FB-D413E7368FB5}.Release|ARM64.Deploy.0 = Win7_Release|Win32
		{C77CDE8B-790F-4413-A3FB-D413E7368FB5}.Release|x64.ActiveCfg = Win7_Release|x64
		{C77CDE8B-790F-4413-A3FB-D413E7368FB5}.Release|x64.Build.0 = Win7_Release|x64
		{C77CDE8B-790F-4413-A3FB-D413E7368FB5}.Release|x64.Deploy.0 = Win7_Release|x64
		{C77CDE8B-790F-4413-A3FB-D413E7368FB5}.Release|x86.ActiveCfg = Win7_Release|Win32
		{C77CDE8B-790F-4413-A3FB-D413E7368FB5}.Release|x86.Build.0 = Win7_Release|Win32
		{C77CDE8B-790F-4413-A3FB-D413E7368FB5}.Release|x86.Deploy.0 = Win7_Release|Win32
		{C77CDE8B-790F-4413-A3FB-D413E7368FB5}.Win10_Debug|ARM.ActiveCfg = Win10_Debug|Win32
		{C77CDE8B-790F-4413-A3FB-D413E7368FB5}.Win10_Debug|ARM64.ActiveCfg = Win10_Debug|Win32
		{C77CDE8B-790F-4413-A3FB-D413E7368FB5}.Win10_Debug|x64.ActiveCfg = Win10_Debug|x64
		{C77CDE8B-790F-4413-A3FB-D413E7368FB5}.Win10_Debug|x64.Build.0 = Win10_Debug|x64
		{C77CDE8B-790F-4413-A3FB-D413E7368FB5}.Win10_Debug|x64.Deploy.0 = Win10_Debug|x64
		{C77CDE8B-790F-4413-A3FB-D413E7368FB5}.Win10_Debug|x86.ActiveCfg = Win10_Debug|Win32
		{C77CDE8B-790F-4413-A3FB-D413E7368FB5}.Win10_Debug|x86.Build.0 = Win10_Debug|Win32
		{C77CDE8B-790F-4413-A3FB-D413E7368FB5}.Win10_Debug|x86.Deploy.0 = Win10_Debug|Win32
		{C77CDE8B-790F-4413-A3FB-D413E7368FB5}.Win10_Release|ARM.ActiveCfg = Win10_Release|Win32
		{C77CDE8B-790F-4413-A3FB-D413E7368FB5}.Win10_Release|ARM64.ActiveCfg = Win10_Release|Win32
		{C77CDE8B-790F-4413-A3FB-D413E7368FB5}.Win10_Release|x64.ActiveCfg = Win10_Release|x64
		{C77CDE8B-790F-4413-A3FB-D413E7368FB5}.Win10_Release|x64.Build.0 = Win10_Release|x64
		{C77CDE8B-790F-4413-A3FB-D413E7368FB5}.Win10_Release|x64.Deploy.0 = Win10_Release|x64
		{C77CDE8B-790F-4413-A3FB-D413E7368FB5}.Win10_Release|x86.ActiveCfg = Win10_Release|Win32
		{C77CDE8B-790F-4413-A3FB-D413E7368FB5}.Win10_Release|x86.Build.0 = Win10_Release|Win32
		{C77CDE8B-790F-4413-A3FB-D413E7368FB5}.Win10_Release|x86.Deploy.0 = Win10_Release|Win32
		{C77CDE8B-790F-4413-A3FB-D413E7368FB5}.Win7_Debug|ARM.ActiveCfg = Win7_Debug|Win32
		{C77CDE8B-790F-4413-A3FB-D413E7368FB5}.Win7_Debug|ARM64.ActiveCfg = Win7_Debug|Win32
		{C77CDE8B-790F-4413-A3FB-D413E7368FB5}.Win7_Debug|x64.ActiveCfg = Win7_Debug|x64
		{C77CDE8B-790F-4413-A3FB-D413E7368FB5}.Win7_Debug|x64.Build.0 = Win7_Debug|x64
		{C77CDE8B-790F-4413-A3FB-D413E7368FB5}.Win7_Debug|x64.Deploy.0 = Win7_Debug|x64
		{C77CDE8B-790F-4413-A3FB-D413E7368FB5}.Win7_Debug|x86.ActiveCfg = Win7_Debug|Win32
		{C77CDE8B-790F-4413-A3FB-D413E7368FB5}.Win7_Debug|x86.Build.0 = Win7_Debug|Win32
		{C77CDE8B-790F-4413-A3FB-D413E7368FB5}.Win7_Debug|x86.Deploy.0 = Win7_Debug|Win32
		{C77CDE8B-790F-4413-A3FB-D413E7368FB5}.Win7_Release|ARM.ActiveCfg = Win7_Release|Win32
		{C77CDE8B-790F-4413-A3FB-D413E7368FB5}.Win7_Release|ARM64.ActiveCfg = Win7_Release|Win32
		{C77CDE8B-790F-4413-A3FB-D413E7368FB5}.Win7_Release|x64.ActiveCfg = Win7_Release|x64
		{C77CDE8B-790F-4413-A3FB-D413E7368FB5}.Win7_Release|x64.Build.0 = Win7_Release|x64
		{C77CDE8B-790F-4413-A3FB-D413E7368FB5}.Win7_Release|x64.Deploy.0 = Win7_Release|x64
		{C77CDE8B-790F-4413-A3FB-D413E7368FB5}.Win7_Release|x86.ActiveCfg = Win7_Release|Win32
		{C77CDE8B-790F-4413-A3FB-D413E7368FB5}.Win7_Release|x86.Build.0 = Win7_Release|Win32
		{C77CDE8B-790F-4413-A3FB-D413E7368FB5}.Win7_Release|x86.Deploy.0 = Win7_Release|Win32
		{8A516BCB-685A-4A46-A298-A477F804273A}.Debug|ARM.ActiveCfg = Win7_Release|Win32
		{8A516BCB-685A-4A46-A298-A477F804273A}.Debug|ARM.Build.0 = Win7_Release|Win32
		{8A516BCB-685A-4A46-A298-A477F804273A}.Debug|ARM.Deploy.0 = Win7_Release|Win32
		{8A516BCB-685A-4A46-A298-A477F804273A}.Debug|ARM64.ActiveCfg = Win7_Release|Win32
		{8A516BCB-685A-4A46-A298-A477F804273A}.Debug|ARM64.Build.0 = Win7_Release|Win32
		{8A516BCB-685A-4A46-A298-A477F804273A}.Debug|ARM64.Deploy.0 = Win7_Release|Win32
		{8A516BCB-685A-4A46-A298-A477F804273A}.Debug|x64.ActiveCfg = Win7_Debug|x64
		{8A516BCB-685A-4A46-A298-A477F804273A}.Debug|x64.Build.0 = Win7_Debug|x64
		{8A516BCB-685A-4A46-A298-A477F804273A}.Debug|x64.Deploy.0 = Win7_Debug|x64
		{8A516BCB-685A-4A46-A298-A477F804273A}.Debug|x86.ActiveCfg = Win7_Debug|Win32
		{8A516BCB-685A-4A46-A298-A477F804273A}.Debug|x86.Build.0 = Win7_Debug|Win32
		{8A516BCB-685A-4A46-A298-A477F804273A}.Debug|x86.Deploy.0 = Win7_Debug|Win32
		{8A516BCB-685A-4A46-A298-A477F804273A}.Release|ARM.ActiveCfg = Win7_Release|Win32
		{8A516BCB-685A-4A46-A298-A477F804273A}.Release|ARM.Build.0 = Win7_Release|Win32
		{8A516BCB-685A-4A46-A298-A477F804273A}.Release|ARM.Deploy.0 = Win7_Release|Win32
		{8A516BCB-685A-4A46-A298-A477F804273A}.Release|ARM64.ActiveCfg = Win7_Release|Win32
		{8A516BCB-685A-4A46-A298-A477F804273A}.Release|ARM64.Build.0 = Win7_Release|Win32
		{8A516BCB-685A-4A46-A298-A477F804273A}.Release|ARM64.Deploy.0 = Win7_Release|Win32
		{8A516BCB-685A-4A46-A298-A477F804273A}.Release|x64.ActiveCfg = Win7_Release|x64
		{8A516BCB-685A-4A46-A298-A477F804273A}.Release|x64.Build.0 = Win7_Release|x64
		{8A516BCB-685A-4A46-A298-A477F804273A}.Release|x64.Deploy.0 = Win7_Release|x64
		{8A516BCB-685A-4A46-A298-A477F804273A}.Release|x86.ActiveCfg = Win7_Release|Win32
		{8A516BCB-685A-4A46-A298-A477F804273A}.Release|x86.Build.0 = Win7_Release|Win32
		{8A516BCB-685A-4A46-A298-A477F804273A}.Release|x86.Deploy.0 = Win7_Release|Win32
		{8A516BCB-685A-4A46-A298-A477F804273A}.Win10_Debug|ARM.ActiveCfg = Win10_Debug|Win32
		{8A516BCB-685A-4A46-A298-A477F804273A}.Win10_Debug|ARM64.ActiveCfg = Win10_Debug|Win32
		{8A516BCB-685A-4A46-A298-A477F804273A}.Win10_Debug|x64.ActiveCfg = Win10_Debug|x64
		{8A516BCB-685A-4A46-A298-A477F804273A}.Win10_Debug|x64.Build.0 = Win10_Debug|x64
		{8A516BCB-685A-4A46-A298-A477F804273A}.Win10_Debug|x64.Deploy.0 = Win10_Debug|x64
		{8A516BCB-685A-4A46-A298-A477F804273A}.Win10_Debug|x86.ActiveCfg = Win10_Debug|Win32
		{8A516BCB-685A-4A46-A298-A477F804273A}.Win10_Debug|x86.Build.0 = Win10_Debug|Win32
		{8A516BCB-685A-4A46-A298-A477F804273A}.Win10_Debug|x86.Deploy.0 = Win10_Debug|Win32
		{8A516BCB-685A-4A46-A298-A477F804273A}.Win10_Release|ARM.ActiveCfg = Win10_Release|Win32
		{8A516BCB-685A-4A46-A298-A477F804273A}.Win10_Release|ARM64.ActiveCfg = Win10_Release|Win32
		{8A516BCB-685A-4A46-A298-A477F804273A}.Win10_Release|x64.ActiveCfg = Win10_Release|x64
		{8A516BCB-685A-4A46-A298-A477F804273A}.Win10_Release|x64.Build.0 = Win10_Release|x64
		{8A516BCB-685A-4A46-A298-A477F804273A}.Win10_Release|x64.Deploy.0 = Win10_Release|x64
		{8A516BCB-685A-4A46-A298-A477F804273A}.Win10_Release|x86.ActiveCfg = Win10_Release|Win32
		{8A516BCB-685A-4A46-A298-A477F804273A}.Win10_Release|x86.Build.0 = Win10_Release|Win32
		{8A516BCB-685A-4A46-A298-A477F804273A}.Win10_Release|x86.Deploy.0 = Win10_Release|Win32
		{8A516BCB-685A-4A46-A298-A477F804273A}.Win7_Debug|ARM.ActiveCfg = Win7_Debug|Win32
		{8A516BCB-685A-4A46-A298-A477F804273A}.Win7_Debug|ARM64.ActiveCfg = Win7_Debug|Win32
		{8A516BCB-685A-4A46-A298-A477F804273A}.Win7_Debug|x64.ActiveCfg = Win7_Debug|x64
		{8A516BCB-685A-4A46-A298-A477F804273A}.Win7_Debug|x64.Build.0 = Win7_Debug|x64
		{8A516BCB-685A-4A46-A298-A477F804273A}.Win7_Debug|x64.Deploy.0 = Win7_Debug|x64
		{8A516BCB-685A-4A46-A298-A477F804273A}.Win7_Debug|x86.ActiveCfg = Win7_Debug|Win32
		{8A516BCB-685A-4A46-A298-A477F804273A}.Win7_Debug|x86.Build.0 = Win7_Debug|Win32
		{8A516BCB-685A-4A46-A298-A477F804273A}.Win7_Debug|x86.Deploy.0 = Win7_Debug|Win32
		{8A516BCB-685A-4A46-A298-A477F804273A}.Win7_Release|ARM.ActiveCfg = Win7_Release|Win32
		{8A516BCB-685A-4A46-A298-A477F804273A}.Win7_Release|ARM64.ActiveCfg = Win7_Release|Win32
		{8A516BCB-685A-4A46-A298-A477F804273A}.Win7_Release|x64.ActiveCfg = Win7_Release|x64
		{8A516BCB-685A-4A46-A298-A477F804273A}.Win7_Release|x64.Build.0 = Win7_Release|x64
		{8A516BCB-685A-4A46-A298-A477F804273A}.Win7_Release|x64.Deploy.0 = Win7_Release|x64
		{8A516BCB-685A-4A46-A298-A477F804273A}.Win7_Release|x86.ActiveCfg = Win7_Release|Win32
		{8A516BCB-685A-4A46-A298-A477F804273A}.Win7_Release|x86.Build.0 = Win7_Release|Win32
		{8A516BCB-685A-4A46-A298-A477F804273A}.Win7_Release|x86.Deploy.0 = Win7_Release|Win32
		{4EBAEEE4-8413-4366-920A-219E626CF9EB}.Debug|ARM.ActiveCfg = Debug|ARM
		{4EBAEEE4-8413-4366-920A-219E626CF9EB}.Debug|ARM.Build.0 = Debug|ARM
		{4EBAEEE4-8413-4366-920A-219E626CF9EB}.Debug|ARM.Deploy.0 = Debug|ARM
		{4EBAEEE4-8413-4366-920A-219E626CF9EB}.Debug|ARM64.ActiveCfg = Debug|ARM64
		{4EBAEEE4-8413-4366-920A-219E626CF9EB}.Debug|ARM64.Build.0 = Debug|ARM64
		{4EBAEEE4-8413-4366-920A-219E626CF9EB}.Debug|ARM64.Deploy.0 = Debug|ARM64
		{4EBAEEE4-8413-4366-920A-219E626CF9EB}.Debug|x64.ActiveCfg = Debug|x64
		{4EBAEEE4-8413-4366-920A-219E626CF9EB}.Debug|x64.Build.0 = Debug|x64
		{4EBAEEE4-8413-4366-920A-219E626CF9EB}.Debug|x64.Deploy.0 = Debug|x64
		{4EBAEEE4-8413-4366-920A-219E626CF9EB}.Debug|x86.ActiveCfg = Debug|Win32
		{4EBAEEE4-8413-4366-920A-219E626CF9EB}.Debug|x86.Build.0 = Debug|Win32
		{4EBAEEE4-8413-4366-920A-219E626CF9EB}.Debug|x86.Deploy.0 = Debug|Win32
		{4EBAEEE4-8413-4366-920A-219E626CF9EB}.Release|ARM.ActiveCfg = Release|ARM
		{4EBAEEE4-8413-4366-920A-219E626CF9EB}.Release|ARM.Build.0 = Release|ARM
		{4EBAEEE4-8413-4366-920A-219E626CF9EB}.Release|ARM.Deploy.0 = Release|ARM
		{4EBAEEE4-8413-4366-920A-219E626CF9EB}.Release|ARM64.ActiveCfg = Release|ARM64
		{4EBAEEE4-8413-4366-920A-219E626CF9EB}.Release|ARM64.Build.0 = Release|ARM64
		{4EBAEEE4-8413-4366-920A-219E626CF9EB}.Release|ARM64.Deploy.0 = Release|ARM64
		{4EBAEEE4-8413-4366-920A-219E626CF9EB}.Release|x64.ActiveCfg = Release|x64
		{4EBAEEE4-8413-4366-920A-219E626CF9EB}.Release|x64.Build.0 = Release|x64
		{4EBAEEE4-8413-4366-920A-219E626CF9EB}.Release|x64.Deploy.0 = Release|x64
		{4EBAEEE4-8413-4366-920A-219E626CF9EB}.Release|x86.ActiveCfg = Release|Win32
		{4EBAEEE4-8413-4366-920A-219E626CF9EB}.Release|x86.Build.0 = Release|Win32
		{4EBAEEE4-8413-4366-920A-219E626CF9EB}.Release|x86.Deploy.0 = Release|Win32
		{4EBAEEE4-8413-4366-920A-219E626CF9EB}.Win10_Debug|ARM.ActiveCfg = Debug|ARM
		{4EBAEEE4-8413-4366-920A-219E626CF9EB}.Win10_Debug|ARM.Build.0 = Debug|ARM
		{4EBAEEE4-8413-4366-920A-219E626CF9EB}.Win10_Debug|ARM.Deploy.0 = Debug|ARM
		{4EBAEEE4-8413-4366-920A-219E626CF9EB}.Win10_Debug|ARM64.ActiveCfg = Debug|ARM64
		{4EBAEEE4-8413-4366-920A-219E626CF9EB}.Win10_Debug|ARM64.Build.0 = Debug|ARM64
		{4EBAEEE4-8413-4366-920A-219E626CF9EB}.Win10_Debug|ARM64.Deploy.0 = Debug|ARM64
		{4EBAEEE4-8413-4366-920A-219E626CF9EB}.Win10_Debug|x64.ActiveCfg = Debug|x64
		{4EBAEEE4-8413-4366-920A-219E626CF9EB}.Win10_Debug|x64.Build.0 = Debug|x64
		{4EBAEEE4-8413-4366-920A-219E626CF9EB}.Win10_Debug|x64.Deploy.0 = Debug|x64
		{4EBAEEE4-8413-4366-920A-219E626CF9EB}.Win10_Debug|x86.ActiveCfg = Debug|Win32
		{4EBAEEE4-8413-4366-920A-219E626CF9EB}.Win10_Debug|x86.Build.0 = Debug|Win32
		{4EBAEEE4-8413-4366-920A-219E626CF9EB}.Win10_Debug|x86.Deploy.0 = Debug|Win32
		{4EBAEEE4-8413-4366-920A-219E626CF9EB}.Win10_Release|ARM.ActiveCfg = Release|ARM
		{4EBAEEE4-8413-4366-920A-219E626CF9EB}.Win10_Release|ARM.Build.0 = Release|ARM
		{4EBAEEE4-8413-4366-920A-219E626CF9EB}.Win10_Release|ARM.Deploy.0 = Release|ARM
		{4EBAEEE4-8413-4366-920A-219E626CF9EB}.Win10_Release|ARM64.ActiveCfg = Release|ARM64
		{4EBAEEE4-8413-4366-920A-219E626CF9EB}.Win10_Release|ARM64.Build.0 = Release|ARM64
		{4EBAEEE4-8413-4366-920A-219E626CF9EB}.Win10_Release|ARM64.Deploy.0 = Release|ARM64
		{4EBAEEE4-8413-4366-920A-219E626CF9EB}.Win10_Release|x64.ActiveCfg = Release|x64
		{4EBAEEE4-8413-4366-920A-219E626CF9EB}.Win10_Release|x64.Build.0 = Release|x64
		{4EBAEEE4-8413-4366-920A-219E626CF9EB}.Win10_Release|x64.Deploy.0 = Release|x64
		{4EBAEEE4-8413-4366-920A-219E626CF9EB}.Win10_Release|x86.ActiveCfg = Release|Win32
		{4EBAEEE4-8413-4366-920A-219E626CF9EB}.Win10_Release|x86.Build.0 = Release|Win32
		{4EBAEEE4-8413-4366-920A-219E626CF9EB}.Win10_Release|x86.Deploy.0 = Release|Win32
		{4EBAEEE4-8413-4366-920A-219E626CF9EB}.Win7_Debug|ARM.ActiveCfg = Debug|ARM
		{4EBAEEE4-8413-4366-920A-219E626CF9EB}.Win7_Debug|ARM.Build.0 = Debug|ARM
		{4EBAEEE4-8413-4366-920A-219E626CF9EB}.Win7_Debug|ARM.Deploy.0 = Debug|ARM
		{4EBAEEE4-8413-4366-920A-219E626CF9EB}.Win7_Debug|ARM64.ActiveCfg = Debug|ARM64
		{4EBAEEE4-8413-4366-920A-219E626CF9EB}.Win7_Debug|ARM64.Build.0 = Debug|ARM64
		{4EBAEEE4-8413-4366-920A-219E626CF9EB}.Win7_Debug|ARM64.Deploy.0 = Debug|ARM64
		{4EBAEEE4-8413-4366-920A-219E626CF9EB}.Win7_Debug|x64.ActiveCfg = Debug|x64
		{4EBAEEE4-8413-4366-920A-219E626CF9EB}.Win7_Debug|x64.Build.0 = Debug|x64
		{4EBAEEE4-8413-4366-920A-219E626CF9EB}.Win7_Debug|x64.Deploy.0 = Debug|x64
		{4EBAEEE4-8413-4366-920A-219E626CF9EB}.Win7_Debug|x86.ActiveCfg = Debug|Win32
		{4EBAEEE4-8413-4366-920A-219E626CF9EB}.Win7_Debug|x86.Build.0 = Debug|Win32
		{4EBAEEE4-8413-4366-920A-219E626CF9EB}.Win7_Debug|x86.Deploy.0 = Debug|Win32
		{4EBAEEE4-8413-4366-920A-219E626CF9EB}.Win7_Release|ARM.ActiveCfg = Release|ARM
		{4EBAEEE4-8413-4366-920A-219E626CF9EB}.Win7_Release|ARM.Build.0 = Release|ARM
		{4EBAEEE4-8413-4366-920A-219E626CF9EB}.Win7_Release|ARM.Deploy.0 = Release|ARM
		{4EBAEEE4-8413-4366-920A-219E626CF9EB}.Win7_Release|ARM64.ActiveCfg = Release|ARM64
		{4EBAEEE4-8413-4366-920A-219E626CF9EB}.Win7_Release|ARM64.Build.0 = Release|ARM64
		{4EBAEEE4-8413-4366-920A-219E626CF9EB}.Win7_Release|ARM64.Deploy.0 = Release|ARM64
		{4EBAEEE4-8413-4366-920A-219E626CF9EB}.Win7_Release|x64.ActiveCfg = Release|x64
		{4EBAEEE4-8413-4366-920A-219E626CF9EB}.Win7_Release|x64.Build.0 = Release|x64
		{4EBAEEE4-8413-4366-920A-219E626CF9EB}.Win7_Release|x64.Deploy.0 = Release|x64
		{4EBAEEE4-8413-4366-920A-219E626CF9EB}.Win7_Release|x86.ActiveCfg = Release|Win32
		{4EBAEEE4-8413-4366-920A-219E626CF9EB}.Win7_Release|x86.Build.0 = Release|Win32
		{4EBAEEE4-8413-4366-920A-219E626CF9EB}.Win7_Release|x86.Deploy.0 = Release|Win32
		{F56AC6A5-0A92-4C26-92F5-11441FE3F651}.Debug|ARM.ActiveCfg = Debug|ARM
		{F56AC6A5-0A92-4C26-92F5-11441FE3F651}.Debug|ARM.Build.0 = Debug|ARM
		{F56AC6A5-0A92-4C26-92F5-11441FE3F651}.Debug|ARM.Deploy.0 = Debug|ARM
		{F56AC6A5-0A92-4C26-92F5-11441FE3F651}.Debug|ARM64.ActiveCfg = Debug|ARM64
		{F56AC6A5-0A92-4C26-92F5-11441FE3F651}.Debug|ARM64.Build.0 = Debug|ARM64
		{F56AC6A5-0A92-4C26-92F5-11441FE3F651}.Debug|ARM64.Deploy.0 = Debug|ARM64
		{F56AC6A5-0A92-4C26-92F5-11441FE3F651}.Debug|x64.ActiveCfg = Debug|x64
		{F56AC6A5-0A92-4C26-92F5-11441FE3F651}.Debug|x64.Build.0 = Debug|x64
		{F56AC6A5-0A92-4C26-92F5-11441FE3F651}.Debug|x64.Deploy.0 = Debug|x64
		{F56AC6A5-0A92-4C26-92F5-11441FE3F651}.Debug|x86.ActiveCfg = Debug|Win32
		{F56AC6A5-0A92-4C26-92F5-11441FE3F651}.Debug|x86.Build.0 = Debug|Win32
		{F56AC6A5-0A92-4C26-92F5-11441FE3F651}.Debug|x86.Deploy.0 = Debug|Win32
		{F56AC6A5-0A92-4C26-92F5-11441FE3F651}.Release|ARM.ActiveCfg = Release|ARM
		{F56AC6A5-0A92-4C26-92F5-11441FE3F651}.Release|ARM.Build.0 = Release|ARM
		{F56AC6A5-0A92-4C26-92F5-11441FE3F651}.Release|ARM.Deploy.0 = Release|ARM
		{F56AC6A5-0A92-4C26-92F5-11441FE3F651}.Release|ARM64.ActiveCfg = Release|ARM64
		{F56AC6A5-0A92-4C26-92F5-11441FE3F651}.Release|ARM64.Build.0 = Release|ARM64
		{F56AC6A5-0A92-4C26-92F5-11441FE3F651}.Release|ARM64.Deploy.0 = Release|ARM64
		{F56AC6A5-0A92-4C26-92F5-11441FE3F651}.Release|x64.ActiveCfg = Release|x64
		{F56AC6A5-0A92-4C26-92F5-11441FE3F651}.Release|x64.Build.0 = Release|x64
		{F56AC6A5-0A92-4C26-92F5-11441FE3F651}.Release|x64.Deploy.0 = Release|x64
		{F56AC6A5-0A92-4C26-92F5-11441FE3F651}.Release|x86.ActiveCfg = Release|Win32
		{F56AC6A5-0A92-4C26-92F5-11441FE3F651}.Release|x86.Build.0 = Release|Win32
		{F56AC6A5-0A92-4C26-92F5-11441FE3F651}.Release|x86.Deploy.0 = Release|Win32
		{F56AC6A5-0A92-4C26-92F5-11441FE3F651}.Win10_Debug|ARM.ActiveCfg = Debug|ARM
		{F56AC6A5-0A92-4C26-92F5-11441FE3F651}.Win10_Debug|ARM.Build.0 = Debug|ARM
		{F56AC6A5-0A92-4C26-92F5-11441FE3F651}.Win10_Debug|ARM.Deploy.0 = Debug|ARM
		{F56AC6A5-0A92-4C26-92F5-11441FE3F651}.Win10_Debug|ARM64.ActiveCfg = Debug|ARM64
		{F56AC6A5-0A92-4C26-92F5-11441FE3F651}.Win10_Debug|ARM64.Build.0 = Debug|ARM64
		{F56AC6A5-0A92-4C26-92F5-11441FE3F651}.Win10_Debug|ARM64.Deploy.0 = Debug|ARM64
		{F56AC6A5-0A92-4C26-92F5-11441FE3F651}.Win10_Debug|x64.ActiveCfg = Debug|x64
		{F56AC6A5-0A92-4C26-92F5-11441FE3F651}.Win10_Debug|x64.Build.0 = Debug|x64
		{F56AC6A5-0A92-4C26-92F5-11441FE3F651}.Win10_Debug|x64.Deploy.0 = Debug|x64
		{F56AC6A5-0A92-4C26-92F5-11441FE3F651}.Win10_Debug|x86.ActiveCfg = Debug|Win32
		{F56AC6A5-0A92-4C26-92F5-11441FE3F651}.Win10_Debug|x86.Build.0 = Debug|Win32
		{F56AC6A5-0A92-4C26-92F5-11441FE3F651}.Win10_Debug|x86.Deploy.0 = Debug|Win32
		{F56AC6A5-0A92-4C26-92F5-11441FE3F651}.Win10_Release|ARM.ActiveCfg = Release|ARM
		{F56AC6A5-0A92-4C26-92F5-11441FE3F651}.Win10_Release|ARM.Build.0 = Release|ARM
		{F56AC6A5-0A92-4C26-92F5-11441FE3F651}.Win10_Release|ARM.Deploy.0 = Release|ARM
		{F56AC6A5-0A92-4C26-92F5-11441FE3F651}.Win10_Release|ARM64.ActiveCfg = Release|ARM64
		{F56AC6A5-0A92-4C26-92F5-11441FE3F651}.Win10_Release|ARM64.Build.0 = Release|ARM64
		{F56AC6A5-0A92-4C26-92F5-11441FE3F651}.Win10_Release|ARM64.Deploy.0 = Release|ARM64
		{F56AC6A5-0A92-4C26-92F5-11441FE3F651}.Win10_Release|x64.ActiveCfg = Release|x64
		{F56AC6A5-0A92-4C26-92F5-11441FE3F651}.Win10_Release|x64.Build.0 = Release|x64
		{F56AC6A5-0A92-4C26-92F5-11441FE3F651}.Win10_Release|x64.Deploy.0 = Release|x64
		{F56AC6A5-0A92-4C26-92F5-11441FE3F651}.Win10_Release|x86.ActiveCfg = Release|Win32
		{F56AC6A5-0A92-4C26-92F5-11441FE3F651}.Win10_Release|x86.Build.0 = Release|Win32
		{F56AC6A5-0A92-4C26-92F5-11441FE3F651}.Win10_Release|x86.Deploy.0 = Release|Win32
		{F56AC6A5-0A92-4C26-92F5-11441FE3F651}.Win7_Debug|ARM.ActiveCfg = Debug|ARM
		{F56AC6A5-0A92-4C26-92F5-11441FE3F651}.Win7_Debug|ARM.Build.0 = Debug|ARM
		{F56AC6A5-0A92-4C26-92F5-11441FE3F651}.Win7_Debug|ARM.Deploy.0 = Debug|ARM
		{F56AC6A5-0A92-4C26-92F5-11441FE3F651}.Win7_Debug|ARM64.ActiveCfg = Debug|ARM64
		{F56AC6A5-0A92-4C26-92F5-11441FE3F651}.Win7_Debug|ARM64.Build.0 = Debug|ARM64
		{F56AC6A5-0A92-4C26-92F5-11441FE3F651}.Win7_Debug|ARM64.Deploy.0 = Debug|ARM64
		{F56AC6A5-0A92-4C26-92F5-11441FE3F651}.Win7_Debug|x64.ActiveCfg = Debug|x64
		{F56AC6A5-0A92-4C26-92F5-11441FE3F651}.Win7_Debug|x64.Build.0 = Debug|x64
		{F56AC6A5-0A92-4C26-92F5-11441FE3F651}.Win7_Debug|x64.Deploy.0 = Debug|x64
		{F56AC6A5-0A92-4C26-92F5-11441FE3F651}.Win7_Debug|x86.ActiveCfg = Debug|Win32
		{F56AC6A5-0A92-4C26-92F5-11441FE3F651}.Win7_Debug|x86.Build.0 = Debug|Win32
		{F56AC6A5-0A92-4C26-92F5-11441FE3F651}.Win7_Debug|x86.Deploy.0 = Debug|Win32
		{F56AC6A5-0A92-4C26-92F5-11441FE3F651}.Win7_Release|ARM.ActiveCfg = Release|ARM
		{F56AC6A5-0A92-4C26-92F5-11441FE3F651}.Win7_Release|ARM.Build.0 = Release|ARM
		{F56AC6A5-0A92-4C26-92F5-11441FE3F651}.Win7_Release|ARM.Deploy.0 = Release|ARM
		{F56AC6A5-0A92-4C26-92F5-11441FE3F651}.Win7_Release|ARM64.ActiveCfg = Release|ARM64
		{F56AC6A5-0A92-4C26-92F5-11441FE3F651}.Win7_Release|ARM64.Build.0 = Release|ARM64
		{F56AC6A5-0A92-4C26-92F5-11441FE3F651}.Win7_Release|ARM64.Deploy.0 = Release|ARM64
		{F56AC6A5-0A92-4C26-92F5-11441FE3F651}.Win7_Release|x64.ActiveCfg = Release|x64
		{F56AC6A5-0A92-4C26-92F5-11441FE3F651}.Win7_Release|x64.Build.0 = Release|x64
		{F56AC6A5-0A92-4C26-92F5-11441FE3F651}.Win7_Release|x64.Deploy.0 = Release|x64
		{F56AC6A5-0A92-4C26-92F5-11441FE3F651}.Win7_Release|x86.ActiveCfg = Release|Win32
		{F56AC6A5-0A92-4C26-92F5-11441FE3F651}.Win7_Release|x86.Build.0 = Release|Win32
		{F56AC6A5-0A92-4C26-92F5-11441FE3F651}.Win7_Release|x86.Deploy.0 = Release|Win32
	EndGlobalSection
	GlobalSection(SolutionProperties) = preSolution
		HideSolutionNode = FALSE
	EndGlobalSection
	GlobalSection(NestedProjects) = preSolution
		{C05512D4-FC7C-4703-BCD4-DF0D997ACB77} = {D80C2E2A-FE53-4369-B37A-D7DB8A0C707C}
		{D0200093-AA29-4B6C-ADCB-AB496D174BCE} = {0F1FD98C-20DF-497F-B6DE-99DB6B85DC34}
		{796835A3-584C-4DF3-B727-16DB56C5A130} = {D80C2E2A-FE53-4369-B37A-D7DB8A0C707C}
		{2821E819-43EF-485E-9AFD-B2EC37B3558A} = {5F534A8D-38CD-4BFD-A423-43BE1A0566D1}
		{C1AE67FD-4568-476E-B327-E5E560AAE46E} = {0F1FD98C-20DF-497F-B6DE-99DB6B85DC34}
		{76309238-091F-4080-B1D3-5ECDA7635CE8} = {D80C2E2A-FE53-4369-B37A-D7DB8A0C707C}
		{C77CDE8B-790F-4413-A3FB-D413E7368FB5} = {2DA8530E-7B62-4A27-A48B-B3323791404D}
		{8A516BCB-685A-4A46-A298-A477F804273A} = {2DA8530E-7B62-4A27-A48B-B3323791404D}
		{4EBAEEE4-8413-4366-920A-219E626CF9EB} = {2DA8530E-7B62-4A27-A48B-B3323791404D}
		{F56AC6A5-0A92-4C26-92F5-11441FE3F651} = {2DA8530E-7B62-4A27-A48B-B3323791404D}
	EndGlobalSection
	GlobalSection(ExtensibilityGlobals) = postSolution
		SolutionGuid = {1714F0C7-0BC1-47E3-BAAE-1677CA93AA0D}
	EndGlobalSection
EndGlobal
