<?xml version="1.0" encoding="utf-8"?>
<Project ToolsVersion="4.0" xmlns="http://schemas.microsoft.com/developer/msbuild/2003">
  <ItemGroup>
    <Inf Include="ADMA.inx" />
  </ItemGroup>
  <ItemGroup>
    <ClCompile Include="driver.c" />
    <ClCompile Include="file_io.c" />
  </ItemGroup>
  <ItemGroup>
    <ClInclude Include="driver.h" />
    <ClInclude Include="file_io.h" />
    <ClInclude Include="trace.h" />
    <ClInclude Include="..\inc\adma_public.h" />
  </ItemGroup>
</Project>